
Microsoft Visual Studio Solution File, Format Version 12.00
# Visual Studio 15
VisualStudioVersion = 15.0.35026.233
MinimumVisualStudioVersion = 10.0.40219.1
Project("{8BC9CEB8-8B4A-11D0-8D11-00A0C91BC942}") = "DriverLoader", "DriverLoader\DriverLoader.vcxproj", "{3C87260A-5A92-426A-B559-624CC2F5B41D}"
	ProjectSection(ProjectDependencies) = postProject
		{25C21442-635A-46C2-985B-5F4D3CC02B07} = {25C21442-635A-46C2-985B-5F4D3CC02B07}
		{69AC0DF9-A428-474A-AE00-6BA15121DD84} = {69AC0DF9-A428-474A-AE00-6BA15121DD84}
	EndProjectSection
EndProject
Project("{8BC9CEB8-8B4A-11D0-8D11-00A0C91BC942}") = "Test", "Test\Test.vcxproj", "{25C21442-635A-46C2-985B-5F4D3CC02B07}"
EndProject
Project("{8BC9CEB8-8B4A-11D0-8D11-00A0C91BC942}") = "sys2bin", "sys2bin\sys2bin.vcxproj", "{69AC0DF9-A428-474A-AE00-6BA15121DD84}"
	ProjectSection(ProjectDependencies) = postProject
		{25C21442-635A-46C2-985B-5F4D3CC02B07} = {25C21442-635A-46C2-985B-5F4D3CC02B07}
	EndProjectSection
EndProject
Global
	GlobalSection(SolutionConfigurationPlatforms) = preSolution
		Debug|ARM = Debug|ARM
		Debug|ARM64 = Debug|ARM64
		Debug|x64 = Debug|x64
		Debug|x86 = Debug|x86
		Release|ARM = Release|ARM
		Release|ARM64 = Release|ARM64
		Release|x64 = Release|x64
		Release|x86 = Release|x86
	EndGlobalSection
	GlobalSection(ProjectConfigurationPlatforms) = postSolution
		{3C87260A-5A92-426A-B559-624CC2F5B41D}.Debug|ARM.ActiveCfg = Debug|ARM
		{3C87260A-5A92-426A-B559-624CC2F5B41D}.Debug|ARM.Build.0 = Debug|ARM
		{3C87260A-5A92-426A-B559-624CC2F5B41D}.Debug|ARM.Deploy.0 = Debug|ARM
		{3C87260A-5A92-426A-B559-624CC2F5B41D}.Debug|ARM64.ActiveCfg = Debug|ARM64
		{3C87260A-5A92-426A-B559-624CC2F5B41D}.Debug|ARM64.Build.0 = Debug|ARM64
		{3C87260A-5A92-426A-B559-624CC2F5B41D}.Debug|ARM64.Deploy.0 = Debug|ARM64
		{3C87260A-5A92-426A-B559-624CC2F5B41D}.Debug|x64.ActiveCfg = Debug|x64
		{3C87260A-5A92-426A-B559-624CC2F5B41D}.Debug|x64.Build.0 = Debug|x64
		{3C87260A-5A92-426A-B559-624CC2F5B41D}.Debug|x64.Deploy.0 = Debug|x64
		{3C87260A-5A92-426A-B559-624CC2F5B41D}.Debug|x86.ActiveCfg = Debug|Win32
		{3C87260A-5A92-426A-B559-624CC2F5B41D}.Debug|x86.Build.0 = Debug|Win32
		{3C87260A-5A92-426A-B559-624CC2F5B41D}.Debug|x86.Deploy.0 = Debug|Win32
		{3C87260A-5A92-426A-B559-624CC2F5B41D}.Release|ARM.ActiveCfg = Release|ARM
		{3C87260A-5A92-426A-B559-624CC2F5B41D}.Release|ARM.Build.0 = Release|ARM
		{3C87260A-5A92-426A-B559-624CC2F5B41D}.Release|ARM.Deploy.0 = Release|ARM
		{3C87260A-5A92-426A-B559-624CC2F5B41D}.Release|ARM64.ActiveCfg = Release|ARM64
		{3C87260A-5A92-426A-B559-624CC2F5B41D}.Release|ARM64.Build.0 = Release|ARM64
		{3C87260A-5A92-426A-B559-624CC2F5B41D}.Release|ARM64.Deploy.0 = Release|ARM64
		{3C87260A-5A92-426A-B559-624CC2F5B41D}.Release|x64.ActiveCfg = Release|x64
		{3C87260A-5A92-426A-B559-624CC2F5B41D}.Release|x64.Build.0 = Release|x64
		{3C87260A-5A92-426A-B559-624CC2F5B41D}.Release|x64.Deploy.0 = Release|x64
		{3C87260A-5A92-426A-B559-624CC2F5B41D}.Release|x86.ActiveCfg = Release|Win32
		{3C87260A-5A92-426A-B559-624CC2F5B41D}.Release|x86.Build.0 = Release|Win32
		{3C87260A-5A92-426A-B559-624CC2F5B41D}.Release|x86.Deploy.0 = Release|Win32
		{25C21442-635A-46C2-985B-5F4D3CC02B07}.Debug|ARM.ActiveCfg = Debug|ARM
		{25C21442-635A-46C2-985B-5F4D3CC02B07}.Debug|ARM.Build.0 = Debug|ARM
		{25C21442-635A-46C2-985B-5F4D3CC02B07}.Debug|ARM.Deploy.0 = Debug|ARM
		{25C21442-635A-46C2-985B-5F4D3CC02B07}.Debug|ARM64.ActiveCfg = Debug|ARM64
		{25C21442-635A-46C2-985B-5F4D3CC02B07}.Debug|ARM64.Build.0 = Debug|ARM64
		{25C21442-635A-46C2-985B-5F4D3CC02B07}.Debug|ARM64.Deploy.0 = Debug|ARM64
		{25C21442-635A-46C2-985B-5F4D3CC02B07}.Debug|x64.ActiveCfg = Debug|x64
		{25C21442-635A-46C2-985B-5F4D3CC02B07}.Debug|x64.Build.0 = Debug|x64
		{25C21442-635A-46C2-985B-5F4D3CC02B07}.Debug|x64.Deploy.0 = Debug|x64
		{25C21442-635A-46C2-985B-5F4D3CC02B07}.Debug|x86.ActiveCfg = Debug|Win32
		{25C21442-635A-46C2-985B-5F4D3CC02B07}.Debug|x86.Build.0 = Debug|Win32
		{25C21442-635A-46C2-985B-5F4D3CC02B07}.Debug|x86.Deploy.0 = Debug|Win32
		{25C21442-635A-46C2-985B-5F4D3CC02B07}.Release|ARM.ActiveCfg = Release|ARM
		{25C21442-635A-46C2-985B-5F4D3CC02B07}.Release|ARM.Build.0 = Release|ARM
		{25C21442-635A-46C2-985B-5F4D3CC02B07}.Release|ARM.Deploy.0 = Release|ARM
		{25C21442-635A-46C2-985B-5F4D3CC02B07}.Release|ARM64.ActiveCfg = Release|ARM64
		{25C21442-635A-46C2-985B-5F4D3CC02B07}.Release|ARM64.Build.0 = Release|ARM64
		{25C21442-635A-46C2-985B-5F4D3CC02B07}.Release|ARM64.Deploy.0 = Release|ARM64
		{25C21442-635A-46C2-985B-5F4D3CC02B07}.Release|x64.ActiveCfg = Release|x64
		{25C21442-635A-46C2-985B-5F4D3CC02B07}.Release|x64.Build.0 = Release|x64
		{25C21442-635A-46C2-985B-5F4D3CC02B07}.Release|x64.Deploy.0 = Release|x64
		{25C21442-635A-46C2-985B-5F4D3CC02B07}.Release|x86.ActiveCfg = Release|Win32
		{25C21442-635A-46C2-985B-5F4D3CC02B07}.Release|x86.Build.0 = Release|Win32
		{25C21442-635A-46C2-985B-5F4D3CC02B07}.Release|x86.Deploy.0 = Release|Win32
		{69AC0DF9-A428-474A-AE00-6BA15121DD84}.Debug|ARM.ActiveCfg = Debug|Win32
		{69AC0DF9-A428-474A-AE00-6BA15121DD84}.Debug|ARM64.ActiveCfg = Debug|Win32
		{69AC0DF9-A428-474A-AE00-6BA15121DD84}.Debug|x64.ActiveCfg = Debug|x64
		{69AC0DF9-A428-474A-AE00-6BA15121DD84}.Debug|x64.Build.0 = Debug|x64
		{69AC0DF9-A428-474A-AE00-6BA15121DD84}.Debug|x86.ActiveCfg = Debug|Win32
		{69AC0DF9-A428-474A-AE00-6BA15121DD84}.Debug|x86.Build.0 = Debug|Win32
		{69AC0DF9-A428-474A-AE00-6BA15121DD84}.Release|ARM.ActiveCfg = Release|Win32
		{69AC0DF9-A428-474A-AE00-6BA15121DD84}.Release|ARM64.ActiveCfg = Release|Win32
		{69AC0DF9-A428-474A-AE00-6BA15121DD84}.Release|x64.ActiveCfg = Release|x64
		{69AC0DF9-A428-474A-AE00-6BA15121DD84}.Release|x64.Build.0 = Release|x64
		{69AC0DF9-A428-474A-AE00-6BA15121DD84}.Release|x86.ActiveCfg = Release|Win32
		{69AC0DF9-A428-474A-AE00-6BA15121DD84}.Release|x86.Build.0 = Release|Win32
	EndGlobalSection
	GlobalSection(SolutionProperties) = preSolution
		HideSolutionNode = FALSE
	EndGlobalSection
	GlobalSection(ExtensibilityGlobals) = postSolution
		SolutionGuid = {FB03A231-7B89-4FA0-842F-E068DD55682E}
	EndGlobalSection
EndGlobal
