
Microsoft Visual Studio Solution File, Format Version 12.00
# Visual Studio Version 17
VisualStudioVersion = 17.7.34024.191
MinimumVisualStudioVersion = 10.0.40219.1
Project("{8BC9CEB8-8B4A-11D0-8D11-00A0C91BC942}") = "WindowsProject1", "WindowsProject1.vcxproj", "{9D38C8EE-0193-48BC-A5D4-A5F510F71B78}"
EndProject
Global
	GlobalSection(SolutionConfigurationPlatforms) = preSolution
		Debug|x64 = Debug|x64
		Debug|x86 = Debug|x86
		Release|x64 = Release|x64
		Release|x86 = Release|x86
	EndGlobalSection
	GlobalSection(ProjectConfigurationPlatforms) = postSolution
		{9D38C8EE-0193-48BC-A5D4-A5F510F71B78}.Debug|x64.ActiveCfg = Debug|x64
		{9D38C8EE-0193-48BC-A5D4-A5F510F71B78}.Debug|x64.Build.0 = Debug|x64
		{9D38C8EE-0193-48BC-A5D4-A5F510F71B78}.Debug|x86.ActiveCfg = Debug|Win32
		{9D38C8EE-0193-48BC-A5D4-A5F510F71B78}.Debug|x86.Build.0 = Debug|Win32
		{9D38C8EE-0193-48BC-A5D4-A5F510F71B78}.Release|x64.ActiveCfg = Release|x64
		{9D38C8EE-0193-48BC-A5D4-A5F510F71B78}.Release|x64.Build.0 = Release|x64
		{9D38C8EE-0193-48BC-A5D4-A5F510F71B78}.Release|x86.ActiveCfg = Release|Win32
		{9D38C8EE-0193-48BC-A5D4-A5F510F71B78}.Release|x86.Build.0 = Release|Win32
	EndGlobalSection
	GlobalSection(SolutionProperties) = preSolution
		HideSolutionNode = FALSE
	EndGlobalSection
	GlobalSection(ExtensibilityGlobals) = postSolution
		SolutionGuid = {CAE5E3C0-D362-4148-876F-5E95FFF7835D}
	EndGlobalSection
EndGlobal
